
Microsoft Visual Studio Solution File, Format Version 12.00
# Visual Studio Version 17
VisualStudioVersion = 17.3.32922.545
MinimumVisualStudioVersion = 10.0.40219.1
Project("{FAE04EC0-301F-11D3-BF4B-00C04F79EFBC}") = "Dexpedition64", "Dexpedition64\Dexpedition64.csproj", "{F36BF042-EB89-4AE0-BCEA-7DE131AD296B}"
EndProject
Global
	GlobalSection(SolutionConfigurationPlatforms) = preSolution
		Debug|Any CPU = Debug|Any CPU
		Release|Any CPU = Release|Any CPU
	EndGlobalSection
	GlobalSection(ProjectConfigurationPlatforms) = postSolution
		{F36BF042-EB89-4AE0-BCEA-7DE131AD296B}.Debug|Any CPU.ActiveCfg = Debug|Any CPU
		{F36BF042-EB89-4AE0-BCEA-7DE131AD296B}.Debug|Any CPU.Build.0 = Debug|Any CPU
		{F36BF042-EB89-4AE0-BCEA-7DE131AD296B}.Release|Any CPU.ActiveCfg = Release|Any CPU
		{F36BF042-EB89-4AE0-BCEA-7DE131AD296B}.Release|Any CPU.Build.0 = Release|Any CPU
	EndGlobalSection
	GlobalSection(SolutionProperties) = preSolution
		HideSolutionNode = FALSE
	EndGlobalSection
	GlobalSection(ExtensibilityGlobals) = postSolution
		SolutionGuid = {03B36A23-1ED0-442C-B353-6AD64CF89348}
	EndGlobalSection
EndGlobal
